
Microsoft Visual Studio Solution File, Format Version 12.00
# Visual Studio Version 17
VisualStudioVersion = 17.6.33829.357
MinimumVisualStudioVersion = 10.0.40219.1
Project("{FAE04EC0-301F-11D3-BF4B-00C04F79EFBC}") = "ReportesWeb", "ReportesWeb\ReportesWeb.csproj", "{C1C6FAC8-25C8-4105-BC7E-CEC3988C8E6D}"
EndProject
Global
	GlobalSection(SolutionConfigurationPlatforms) = preSolution
		Debug|Any CPU = Debug|Any CPU
		Release|Any CPU = Release|Any CPU
	EndGlobalSection
	GlobalSection(ProjectConfigurationPlatforms) = postSolution
		{C1C6FAC8-25C8-4105-BC7E-CEC3988C8E6D}.Debug|Any CPU.ActiveCfg = Debug|Any CPU
		{C1C6FAC8-25C8-4105-BC7E-CEC3988C8E6D}.Debug|Any CPU.Build.0 = Debug|Any CPU
		{C1C6FAC8-25C8-4105-BC7E-CEC3988C8E6D}.Release|Any CPU.ActiveCfg = Release|Any CPU
		{C1C6FAC8-25C8-4105-BC7E-CEC3988C8E6D}.Release|Any CPU.Build.0 = Release|Any CPU
	EndGlobalSection
	GlobalSection(SolutionProperties) = preSolution
		HideSolutionNode = FALSE
	EndGlobalSection
	GlobalSection(ExtensibilityGlobals) = postSolution
		SolutionGuid = {DCE4FD30-6634-403F-B9A3-37F7AD98935C}
	EndGlobalSection
EndGlobal
